
Microsoft Visual Studio Solution File, Format Version 12.00
# Visual Studio Version 17
VisualStudioVersion = 17.4.33122.133
MinimumVisualStudioVersion = 10.0.40219.1
Project("{FAE04EC0-301F-11D3-BF4B-00C04F79EFBC}") = "WebDemoApp", "WebDemoApp\WebDemoApp.csproj", "{B589E341-27B6-47AE-AC1A-7151AA4E4DC1}"
EndProject
Global
	GlobalSection(SolutionConfigurationPlatforms) = preSolution
		Debug|Any CPU = Debug|Any CPU
		Release|Any CPU = Release|Any CPU
	EndGlobalSection
	GlobalSection(ProjectConfigurationPlatforms) = postSolution
		{B589E341-27B6-47AE-AC1A-7151AA4E4DC1}.Debug|Any CPU.ActiveCfg = Debug|Any CPU
		{B589E341-27B6-47AE-AC1A-7151AA4E4DC1}.Debug|Any CPU.Build.0 = Debug|Any CPU
		{B589E341-27B6-47AE-AC1A-7151AA4E4DC1}.Release|Any CPU.ActiveCfg = Release|Any CPU
		{B589E341-27B6-47AE-AC1A-7151AA4E4DC1}.Release|Any CPU.Build.0 = Release|Any CPU
	EndGlobalSection
	GlobalSection(SolutionProperties) = preSolution
		HideSolutionNode = FALSE
	EndGlobalSection
	GlobalSection(ExtensibilityGlobals) = postSolution
		SolutionGuid = {98ADB9EB-EB27-4354-B3E3-26B54149A83E}
	EndGlobalSection
EndGlobal
